
Microsoft Visual Studio Solution File, Format Version 12.00
# Visual Studio 15
VisualStudioVersion = 15.0.27130.2027
MinimumVisualStudioVersion = 10.0.40219.1
Project("{FAE04EC0-301F-11D3-BF4B-00C04F79EFBC}") = "Handin21", "Handin21\Handin21.csproj", "{BED819CC-A6FB-4EC0-978C-28F82A37CECF}"
EndProject
Global
	GlobalSection(SolutionConfigurationPlatforms) = preSolution
		Debug|Any CPU = Debug|Any CPU
		Release|Any CPU = Release|Any CPU
	EndGlobalSection
	GlobalSection(ProjectConfigurationPlatforms) = postSolution
		{BED819CC-A6FB-4EC0-978C-28F82A37CECF}.Debug|Any CPU.ActiveCfg = Debug|Any CPU
		{BED819CC-A6FB-4EC0-978C-28F82A37CECF}.Debug|Any CPU.Build.0 = Debug|Any CPU
		{BED819CC-A6FB-4EC0-978C-28F82A37CECF}.Release|Any CPU.ActiveCfg = Release|Any CPU
		{BED819CC-A6FB-4EC0-978C-28F82A37CECF}.Release|Any CPU.Build.0 = Release|Any CPU
	EndGlobalSection
	GlobalSection(SolutionProperties) = preSolution
		HideSolutionNode = FALSE
	EndGlobalSection
	GlobalSection(ExtensibilityGlobals) = postSolution
		SolutionGuid = {913386F6-03C9-407E-94A7-CE19CB6002A5}
	EndGlobalSection
EndGlobal
